
Microsoft Visual Studio Solution File, Format Version 12.00
# Visual Studio 15
VisualStudioVersion = 15.0.26730.10
MinimumVisualStudioVersion = 10.0.40219.1
Project("{FAE04EC0-301F-11D3-BF4B-00C04F79EFBC}") = "HillclimbV_1", "Game1\HillclimbV_1.csproj", "{C850049B-7A4E-4962-A98B-E2D548801DBE}"
EndProject
Global
	GlobalSection(SolutionConfigurationPlatforms) = preSolution
		Debug|x86 = Debug|x86
		Release|x86 = Release|x86
	EndGlobalSection
	GlobalSection(ProjectConfigurationPlatforms) = postSolution
		{C850049B-7A4E-4962-A98B-E2D548801DBE}.Debug|x86.ActiveCfg = Debug|x86
		{C850049B-7A4E-4962-A98B-E2D548801DBE}.Debug|x86.Build.0 = Debug|x86
		{C850049B-7A4E-4962-A98B-E2D548801DBE}.Release|x86.ActiveCfg = Release|x86
		{C850049B-7A4E-4962-A98B-E2D548801DBE}.Release|x86.Build.0 = Release|x86
	EndGlobalSection
	GlobalSection(SolutionProperties) = preSolution
		HideSolutionNode = FALSE
	EndGlobalSection
	GlobalSection(ExtensibilityGlobals) = postSolution
		SolutionGuid = {0245E7C1-A909-430D-A410-0771460574DF}
	EndGlobalSection
EndGlobal
